
Microsoft Visual Studio Solution File, Format Version 12.00
# Visual Studio Version 17
VisualStudioVersion = 17.5.2.0
MinimumVisualStudioVersion = 10.0.40219.1
Project("{2150E333-8FDC-42A3-9474-1A3956D46DE8}") = "src", "src", "{827E0CD3-B72D-47B6-A68D-7590B98EB39B}"
EndProject
Project("{2150E333-8FDC-42A3-9474-1A3956D46DE8}") = "core", "core", "{605AEB65-8974-42C2-B590-0E16F3F568BA}"
EndProject
Project("{FAE04EC0-301F-11D3-BF4B-00C04F79EFBC}") = "Env0.Core", "src\core\Env0.Core\Env0.Core.csproj", "{A6D82B1C-ECB6-4B10-B1BF-D96FC26496AF}"
EndProject
Project("{2150E333-8FDC-42A3-9474-1A3956D46DE8}") = "maintenance", "maintenance", "{D5FBA79C-2081-45AB-AD82-3FECC288466F}"
EndProject
Project("{FAE04EC0-301F-11D3-BF4B-00C04F79EFBC}") = "env0.maintenance", "src\maintenance\env0.maintenance.csproj", "{233344FB-E66C-4533-A144-38A02BD62B5C}"
EndProject
Project("{FAE04EC0-301F-11D3-BF4B-00C04F79EFBC}") = "Env0.Maintenance.Tests", "tests\maintenance tests\env0.maintenance.tests\Env0.Maintenance.Tests.csproj", "{FFF537F2-3FF1-4397-B278-8E897CFF4453}"
EndProject
Project("{2150E333-8FDC-42A3-9474-1A3956D46DE8}") = "records", "records", "{B79998C9-8E8A-9F9F-EB97-057ABE8DB9AB}"
EndProject
Project("{FAE04EC0-301F-11D3-BF4B-00C04F79EFBC}") = "env0.records", "src\records\env0.records.csproj", "{C8E0A2A6-0A9C-4F91-9C85-6FAD3CB8B317}"
EndProject
Project("{FAE04EC0-301F-11D3-BF4B-00C04F79EFBC}") = "Env0.Records.Tests", "tests\records tests\env0.records.tests\Env0.Records.Tests.csproj", "{E54ABD98-BA6D-47D2-892E-51D61609CCA7}"
EndProject
Project("{2150E333-8FDC-42A3-9474-1A3956D46DE8}") = "runner", "runner", "{D2FA9C81-70F6-4DE5-B090-D3598A2B5CF1}"
EndProject
Project("{FAE04EC0-301F-11D3-BF4B-00C04F79EFBC}") = "env0.runner", "src\runner\env0.runner.csproj", "{8E612F41-58BB-4462-B01C-A3640C589231}"
EndProject
Global
	GlobalSection(SolutionConfigurationPlatforms) = preSolution
		Debug|Any CPU = Debug|Any CPU
		Debug|x64 = Debug|x64
		Debug|x86 = Debug|x86
		Release|Any CPU = Release|Any CPU
		Release|x64 = Release|x64
		Release|x86 = Release|x86
	EndGlobalSection
	GlobalSection(ProjectConfigurationPlatforms) = postSolution
		{A6D82B1C-ECB6-4B10-B1BF-D96FC26496AF}.Debug|Any CPU.ActiveCfg = Debug|Any CPU
		{A6D82B1C-ECB6-4B10-B1BF-D96FC26496AF}.Debug|Any CPU.Build.0 = Debug|Any CPU
		{A6D82B1C-ECB6-4B10-B1BF-D96FC26496AF}.Debug|x64.ActiveCfg = Debug|Any CPU
		{A6D82B1C-ECB6-4B10-B1BF-D96FC26496AF}.Debug|x64.Build.0 = Debug|Any CPU
		{A6D82B1C-ECB6-4B10-B1BF-D96FC26496AF}.Debug|x86.ActiveCfg = Debug|Any CPU
		{A6D82B1C-ECB6-4B10-B1BF-D96FC26496AF}.Debug|x86.Build.0 = Debug|Any CPU
		{A6D82B1C-ECB6-4B10-B1BF-D96FC26496AF}.Release|Any CPU.ActiveCfg = Release|Any CPU
		{A6D82B1C-ECB6-4B10-B1BF-D96FC26496AF}.Release|Any CPU.Build.0 = Release|Any CPU
		{A6D82B1C-ECB6-4B10-B1BF-D96FC26496AF}.Release|x64.ActiveCfg = Release|Any CPU
		{A6D82B1C-ECB6-4B10-B1BF-D96FC26496AF}.Release|x64.Build.0 = Release|Any CPU
		{A6D82B1C-ECB6-4B10-B1BF-D96FC26496AF}.Release|x86.ActiveCfg = Release|Any CPU
		{A6D82B1C-ECB6-4B10-B1BF-D96FC26496AF}.Release|x86.Build.0 = Release|Any CPU
		{233344FB-E66C-4533-A144-38A02BD62B5C}.Debug|Any CPU.ActiveCfg = Debug|Any CPU
		{233344FB-E66C-4533-A144-38A02BD62B5C}.Debug|Any CPU.Build.0 = Debug|Any CPU
		{233344FB-E66C-4533-A144-38A02BD62B5C}.Debug|x64.ActiveCfg = Debug|Any CPU
		{233344FB-E66C-4533-A144-38A02BD62B5C}.Debug|x64.Build.0 = Debug|Any CPU
		{233344FB-E66C-4533-A144-38A02BD62B5C}.Debug|x86.ActiveCfg = Debug|Any CPU
		{233344FB-E66C-4533-A144-38A02BD62B5C}.Debug|x86.Build.0 = Debug|Any CPU
		{233344FB-E66C-4533-A144-38A02BD62B5C}.Release|Any CPU.ActiveCfg = Release|Any CPU
		{233344FB-E66C-4533-A144-38A02BD62B5C}.Release|Any CPU.Build.0 = Release|Any CPU
		{233344FB-E66C-4533-A144-38A02BD62B5C}.Release|x64.ActiveCfg = Release|Any CPU
		{233344FB-E66C-4533-A144-38A02BD62B5C}.Release|x64.Build.0 = Release|Any CPU
		{233344FB-E66C-4533-A144-38A02BD62B5C}.Release|x86.ActiveCfg = Release|Any CPU
		{233344FB-E66C-4533-A144-38A02BD62B5C}.Release|x86.Build.0 = Release|Any CPU
		{FFF537F2-3FF1-4397-B278-8E897CFF4453}.Debug|Any CPU.ActiveCfg = Debug|Any CPU
		{FFF537F2-3FF1-4397-B278-8E897CFF4453}.Debug|Any CPU.Build.0 = Debug|Any CPU
		{FFF537F2-3FF1-4397-B278-8E897CFF4453}.Debug|x64.ActiveCfg = Debug|Any CPU
		{FFF537F2-3FF1-4397-B278-8E897CFF4453}.Debug|x64.Build.0 = Debug|Any CPU
		{FFF537F2-3FF1-4397-B278-8E897CFF4453}.Debug|x86.ActiveCfg = Debug|Any CPU
		{FFF537F2-3FF1-4397-B278-8E897CFF4453}.Debug|x86.Build.0 = Debug|Any CPU
		{FFF537F2-3FF1-4397-B278-8E897CFF4453}.Release|Any CPU.ActiveCfg = Release|Any CPU
		{FFF537F2-3FF1-4397-B278-8E897CFF4453}.Release|Any CPU.Build.0 = Release|Any CPU
		{FFF537F2-3FF1-4397-B278-8E897CFF4453}.Release|x64.ActiveCfg = Release|Any CPU
		{FFF537F2-3FF1-4397-B278-8E897CFF4453}.Release|x64.Build.0 = Release|Any CPU
		{FFF537F2-3FF1-4397-B278-8E897CFF4453}.Release|x86.ActiveCfg = Release|Any CPU
		{FFF537F2-3FF1-4397-B278-8E897CFF4453}.Release|x86.Build.0 = Release|Any CPU
		{C8E0A2A6-0A9C-4F91-9C85-6FAD3CB8B317}.Debug|Any CPU.ActiveCfg = Debug|Any CPU
		{C8E0A2A6-0A9C-4F91-9C85-6FAD3CB8B317}.Debug|Any CPU.Build.0 = Debug|Any CPU
		{C8E0A2A6-0A9C-4F91-9C85-6FAD3CB8B317}.Debug|x64.ActiveCfg = Debug|Any CPU
		{C8E0A2A6-0A9C-4F91-9C85-6FAD3CB8B317}.Debug|x64.Build.0 = Debug|Any CPU
		{C8E0A2A6-0A9C-4F91-9C85-6FAD3CB8B317}.Debug|x86.ActiveCfg = Debug|Any CPU
		{C8E0A2A6-0A9C-4F91-9C85-6FAD3CB8B317}.Debug|x86.Build.0 = Debug|Any CPU
		{C8E0A2A6-0A9C-4F91-9C85-6FAD3CB8B317}.Release|Any CPU.ActiveCfg = Release|Any CPU
		{C8E0A2A6-0A9C-4F91-9C85-6FAD3CB8B317}.Release|Any CPU.Build.0 = Release|Any CPU
		{C8E0A2A6-0A9C-4F91-9C85-6FAD3CB8B317}.Release|x64.ActiveCfg = Release|Any CPU
		{C8E0A2A6-0A9C-4F91-9C85-6FAD3CB8B317}.Release|x64.Build.0 = Release|Any CPU
		{C8E0A2A6-0A9C-4F91-9C85-6FAD3CB8B317}.Release|x86.ActiveCfg = Release|Any CPU
		{C8E0A2A6-0A9C-4F91-9C85-6FAD3CB8B317}.Release|x86.Build.0 = Release|Any CPU
		{E54ABD98-BA6D-47D2-892E-51D61609CCA7}.Debug|Any CPU.ActiveCfg = Debug|Any CPU
		{E54ABD98-BA6D-47D2-892E-51D61609CCA7}.Debug|Any CPU.Build.0 = Debug|Any CPU
		{E54ABD98-BA6D-47D2-892E-51D61609CCA7}.Debug|x64.ActiveCfg = Debug|Any CPU
		{E54ABD98-BA6D-47D2-892E-51D61609CCA7}.Debug|x64.Build.0 = Debug|Any CPU
		{E54ABD98-BA6D-47D2-892E-51D61609CCA7}.Debug|x86.ActiveCfg = Debug|Any CPU
		{E54ABD98-BA6D-47D2-892E-51D61609CCA7}.Debug|x86.Build.0 = Debug|Any CPU
		{E54ABD98-BA6D-47D2-892E-51D61609CCA7}.Release|Any CPU.ActiveCfg = Release|Any CPU
		{E54ABD98-BA6D-47D2-892E-51D61609CCA7}.Release|Any CPU.Build.0 = Release|Any CPU
		{E54ABD98-BA6D-47D2-892E-51D61609CCA7}.Release|x64.ActiveCfg = Release|Any CPU
		{E54ABD98-BA6D-47D2-892E-51D61609CCA7}.Release|x64.Build.0 = Release|Any CPU
		{E54ABD98-BA6D-47D2-892E-51D61609CCA7}.Release|x86.ActiveCfg = Release|Any CPU
		{E54ABD98-BA6D-47D2-892E-51D61609CCA7}.Release|x86.Build.0 = Release|Any CPU
		{8E612F41-58BB-4462-B01C-A3640C589231}.Debug|Any CPU.ActiveCfg = Debug|Any CPU
		{8E612F41-58BB-4462-B01C-A3640C589231}.Debug|Any CPU.Build.0 = Debug|Any CPU
		{8E612F41-58BB-4462-B01C-A3640C589231}.Debug|x64.ActiveCfg = Debug|Any CPU
		{8E612F41-58BB-4462-B01C-A3640C589231}.Debug|x64.Build.0 = Debug|Any CPU
		{8E612F41-58BB-4462-B01C-A3640C589231}.Debug|x86.ActiveCfg = Debug|Any CPU
		{8E612F41-58BB-4462-B01C-A3640C589231}.Debug|x86.Build.0 = Debug|Any CPU
		{8E612F41-58BB-4462-B01C-A3640C589231}.Release|Any CPU.ActiveCfg = Release|Any CPU
		{8E612F41-58BB-4462-B01C-A3640C589231}.Release|Any CPU.Build.0 = Release|Any CPU
		{8E612F41-58BB-4462-B01C-A3640C589231}.Release|x64.ActiveCfg = Release|Any CPU
		{8E612F41-58BB-4462-B01C-A3640C589231}.Release|x64.Build.0 = Release|Any CPU
		{8E612F41-58BB-4462-B01C-A3640C589231}.Release|x86.ActiveCfg = Release|Any CPU
		{8E612F41-58BB-4462-B01C-A3640C589231}.Release|x86.Build.0 = Release|Any CPU
	EndGlobalSection
	GlobalSection(SolutionProperties) = preSolution
		HideSolutionNode = FALSE
	EndGlobalSection
	GlobalSection(NestedProjects) = preSolution
		{605AEB65-8974-42C2-B590-0E16F3F568BA} = {827E0CD3-B72D-47B6-A68D-7590B98EB39B}
		{A6D82B1C-ECB6-4B10-B1BF-D96FC26496AF} = {605AEB65-8974-42C2-B590-0E16F3F568BA}
		{D5FBA79C-2081-45AB-AD82-3FECC288466F} = {827E0CD3-B72D-47B6-A68D-7590B98EB39B}
		{233344FB-E66C-4533-A144-38A02BD62B5C} = {D5FBA79C-2081-45AB-AD82-3FECC288466F}
		{FFF537F2-3FF1-4397-B278-8E897CFF4453} = {D5FBA79C-2081-45AB-AD82-3FECC288466F}
		{B79998C9-8E8A-9F9F-EB97-057ABE8DB9AB} = {827E0CD3-B72D-47B6-A68D-7590B98EB39B}
		{C8E0A2A6-0A9C-4F91-9C85-6FAD3CB8B317} = {B79998C9-8E8A-9F9F-EB97-057ABE8DB9AB}
		{E54ABD98-BA6D-47D2-892E-51D61609CCA7} = {B79998C9-8E8A-9F9F-EB97-057ABE8DB9AB}
		{D2FA9C81-70F6-4DE5-B090-D3598A2B5CF1} = {827E0CD3-B72D-47B6-A68D-7590B98EB39B}
		{8E612F41-58BB-4462-B01C-A3640C589231} = {D2FA9C81-70F6-4DE5-B090-D3598A2B5CF1}
	EndGlobalSection
	GlobalSection(ExtensibilityGlobals) = postSolution
		SolutionGuid = {8FECF29F-3589-4FFE-9672-7EECEBC81E02}
	EndGlobalSection
EndGlobal
