Microsoft Visual Studio Solution File, Format Version 12.00
# Visual Studio Version 17
VisualStudioVersion = 17.5.2.0
MinimumVisualStudioVersion = 10.0.40219.1
Project("{2150E333-8FDC-42A3-9474-1A3956D46DE8}") = "src", "src", "{827E0CD3-B72D-47B6-A68D-7590B98EB39B}"
EndProject
Project("{2150E333-8FDC-42A3-9474-1A3956D46DE8}") = "act2", "act2", "{B79998C9-8E8A-9F9F-EB97-057ABE8DB9AB}"
EndProject
Project("{FAE04EC0-301F-11D3-BF4B-00C04F79EFBC}") = "env0.adventure", "src\act2\env0.adventure.csproj", "{C8E0A2A6-0A9C-4F91-9C85-6FAD3CB8B317}"
EndProject
Project("{2150E333-8FDC-42A3-9474-1A3956D46DE8}") = "act3", "act3", "{1FA2F0EC-4FD4-2A7A-3F95-2E9DB39356AB}"
EndProject
Project("{FAE04EC0-301F-11D3-BF4B-00C04F79EFBC}") = "Env0.Terminal", "src\act3\Env0.Terminal\Env0.Terminal.csproj", "{0179400E-5B91-3F84-1656-8ADCD0864C68}"
EndProject
Project("{FAE04EC0-301F-11D3-BF4B-00C04F79EFBC}") = "Env0.Terminal.Playground", "src\act3\Env0.Terminal.Playground\Env0.Terminal.Playground.csproj", "{B46CF8D1-DD51-8ABE-4C09-C227970ECC50}"
EndProject
Project("{FAE04EC0-301F-11D3-BF4B-00C04F79EFBC}") = "Env0.Terminal.Tests", "src\act3\Env0.Terminal.Tests\Env0.Terminal.Tests.csproj", "{29C25E6D-9E06-6F53-4427-76271C54B144}"
EndProject
Global
	GlobalSection(SolutionConfigurationPlatforms) = preSolution
		Debug|Any CPU = Debug|Any CPU
		Release|Any CPU = Release|Any CPU
	EndGlobalSection
	GlobalSection(ProjectConfigurationPlatforms) = postSolution
		{C8E0A2A6-0A9C-4F91-9C85-6FAD3CB8B317}.Debug|Any CPU.ActiveCfg = Debug|Any CPU
		{C8E0A2A6-0A9C-4F91-9C85-6FAD3CB8B317}.Debug|Any CPU.Build.0 = Debug|Any CPU
		{C8E0A2A6-0A9C-4F91-9C85-6FAD3CB8B317}.Release|Any CPU.ActiveCfg = Release|Any CPU
		{C8E0A2A6-0A9C-4F91-9C85-6FAD3CB8B317}.Release|Any CPU.Build.0 = Release|Any CPU
		{0179400E-5B91-3F84-1656-8ADCD0864C68}.Debug|Any CPU.ActiveCfg = Debug|Any CPU
		{0179400E-5B91-3F84-1656-8ADCD0864C68}.Debug|Any CPU.Build.0 = Debug|Any CPU
		{0179400E-5B91-3F84-1656-8ADCD0864C68}.Release|Any CPU.ActiveCfg = Release|Any CPU
		{0179400E-5B91-3F84-1656-8ADCD0864C68}.Release|Any CPU.Build.0 = Release|Any CPU
		{B46CF8D1-DD51-8ABE-4C09-C227970ECC50}.Debug|Any CPU.ActiveCfg = Debug|Any CPU
		{B46CF8D1-DD51-8ABE-4C09-C227970ECC50}.Debug|Any CPU.Build.0 = Debug|Any CPU
		{B46CF8D1-DD51-8ABE-4C09-C227970ECC50}.Release|Any CPU.ActiveCfg = Release|Any CPU
		{B46CF8D1-DD51-8ABE-4C09-C227970ECC50}.Release|Any CPU.Build.0 = Release|Any CPU
		{29C25E6D-9E06-6F53-4427-76271C54B144}.Debug|Any CPU.ActiveCfg = Debug|Any CPU
		{29C25E6D-9E06-6F53-4427-76271C54B144}.Debug|Any CPU.Build.0 = Debug|Any CPU
		{29C25E6D-9E06-6F53-4427-76271C54B144}.Release|Any CPU.ActiveCfg = Release|Any CPU
		{29C25E6D-9E06-6F53-4427-76271C54B144}.Release|Any CPU.Build.0 = Release|Any CPU
	EndGlobalSection
	GlobalSection(SolutionProperties) = preSolution
		HideSolutionNode = FALSE
	EndGlobalSection
	GlobalSection(NestedProjects) = preSolution
		{B79998C9-8E8A-9F9F-EB97-057ABE8DB9AB} = {827E0CD3-B72D-47B6-A68D-7590B98EB39B}
		{C8E0A2A6-0A9C-4F91-9C85-6FAD3CB8B317} = {B79998C9-8E8A-9F9F-EB97-057ABE8DB9AB}
		{1FA2F0EC-4FD4-2A7A-3F95-2E9DB39356AB} = {827E0CD3-B72D-47B6-A68D-7590B98EB39B}
		{0179400E-5B91-3F84-1656-8ADCD0864C68} = {1FA2F0EC-4FD4-2A7A-3F95-2E9DB39356AB}
		{B46CF8D1-DD51-8ABE-4C09-C227970ECC50} = {1FA2F0EC-4FD4-2A7A-3F95-2E9DB39356AB}
		{29C25E6D-9E06-6F53-4427-76271C54B144} = {1FA2F0EC-4FD4-2A7A-3F95-2E9DB39356AB}
	EndGlobalSection
	GlobalSection(ExtensibilityGlobals) = postSolution
		SolutionGuid = {8FECF29F-3589-4FFE-9672-7EECEBC81E02}
	EndGlobalSection
EndGlobal
